{
  "name": "wxapp-music-master",
  "version": "1.0.0",
  "lockfileVersion": 1,
  "requires": true,
  "dependencies": {
    "vant-weapp": {
      "version": "0.5.10",
      "resolved": "http://registry.npm.taobao.org/vant-weapp/download/vant-weapp-0.5.10.tgz",
      "integrity": "sha1-OW9DxWNpWcTHDAftJ37plHEx4YU="
    }
  }
}
